
Microsoft Visual Studio Solution File, Format Version 12.00
# Visual Studio 15
VisualStudioVersion = 15.0.26124.0
MinimumVisualStudioVersion = 15.0.26124.0
Project("{2150E333-8FDC-42A3-9474-1A3956D46DE8}") = "src", "src", "{FD5FFD0D-3722-4740-9218-8C7271B31FE1}"
EndProject
Project("{FAE04EC0-301F-11D3-BF4B-00C04F79EFBC}") = "ZPProductManagement.Domain", "src\ZPProductManagement.Domain\ZPProductManagement.Domain.csproj", "{0D1328B1-FFCC-461A-A246-BF258078B35C}"
EndProject
Project("{FAE04EC0-301F-11D3-BF4B-00C04F79EFBC}") = "ZPProductManagement.Application", "src\ZPProductManagement.Application\ZPProductManagement.Application.csproj", "{C6993204-C116-4AC4-94D3-674D3D3E4DF4}"
EndProject
Project("{FAE04EC0-301F-11D3-BF4B-00C04F79EFBC}") = "ZPProductManagement.Api", "src\ZPProductManagement.Api\ZPProductManagement.Api.csproj", "{BA0D05D7-DE09-47D3-8135-A8F0A2033327}"
EndProject
Project("{FAE04EC0-301F-11D3-BF4B-00C04F79EFBC}") = "ZPProductManagement.Common", "src\ZPProductManagement.Common\ZPProductManagement.Common.csproj", "{1B34F51E-30DB-4B0F-B58E-231E7AEA908B}"
EndProject
Global
	GlobalSection(SolutionConfigurationPlatforms) = preSolution
		Debug|Any CPU = Debug|Any CPU
		Debug|x64 = Debug|x64
		Debug|x86 = Debug|x86
		Release|Any CPU = Release|Any CPU
		Release|x64 = Release|x64
		Release|x86 = Release|x86
	EndGlobalSection
	GlobalSection(SolutionProperties) = preSolution
		HideSolutionNode = FALSE
	EndGlobalSection
	GlobalSection(ProjectConfigurationPlatforms) = postSolution
		{0D1328B1-FFCC-461A-A246-BF258078B35C}.Debug|Any CPU.ActiveCfg = Debug|Any CPU
		{0D1328B1-FFCC-461A-A246-BF258078B35C}.Debug|Any CPU.Build.0 = Debug|Any CPU
		{0D1328B1-FFCC-461A-A246-BF258078B35C}.Debug|x64.ActiveCfg = Debug|Any CPU
		{0D1328B1-FFCC-461A-A246-BF258078B35C}.Debug|x64.Build.0 = Debug|Any CPU
		{0D1328B1-FFCC-461A-A246-BF258078B35C}.Debug|x86.ActiveCfg = Debug|Any CPU
		{0D1328B1-FFCC-461A-A246-BF258078B35C}.Debug|x86.Build.0 = Debug|Any CPU
		{0D1328B1-FFCC-461A-A246-BF258078B35C}.Release|Any CPU.ActiveCfg = Release|Any CPU
		{0D1328B1-FFCC-461A-A246-BF258078B35C}.Release|Any CPU.Build.0 = Release|Any CPU
		{0D1328B1-FFCC-461A-A246-BF258078B35C}.Release|x64.ActiveCfg = Release|Any CPU
		{0D1328B1-FFCC-461A-A246-BF258078B35C}.Release|x64.Build.0 = Release|Any CPU
		{0D1328B1-FFCC-461A-A246-BF258078B35C}.Release|x86.ActiveCfg = Release|Any CPU
		{0D1328B1-FFCC-461A-A246-BF258078B35C}.Release|x86.Build.0 = Release|Any CPU
		{C6993204-C116-4AC4-94D3-674D3D3E4DF4}.Debug|Any CPU.ActiveCfg = Debug|Any CPU
		{C6993204-C116-4AC4-94D3-674D3D3E4DF4}.Debug|Any CPU.Build.0 = Debug|Any CPU
		{C6993204-C116-4AC4-94D3-674D3D3E4DF4}.Debug|x64.ActiveCfg = Debug|Any CPU
		{C6993204-C116-4AC4-94D3-674D3D3E4DF4}.Debug|x64.Build.0 = Debug|Any CPU
		{C6993204-C116-4AC4-94D3-674D3D3E4DF4}.Debug|x86.ActiveCfg = Debug|Any CPU
		{C6993204-C116-4AC4-94D3-674D3D3E4DF4}.Debug|x86.Build.0 = Debug|Any CPU
		{C6993204-C116-4AC4-94D3-674D3D3E4DF4}.Release|Any CPU.ActiveCfg = Release|Any CPU
		{C6993204-C116-4AC4-94D3-674D3D3E4DF4}.Release|Any CPU.Build.0 = Release|Any CPU
		{C6993204-C116-4AC4-94D3-674D3D3E4DF4}.Release|x64.ActiveCfg = Release|Any CPU
		{C6993204-C116-4AC4-94D3-674D3D3E4DF4}.Release|x64.Build.0 = Release|Any CPU
		{C6993204-C116-4AC4-94D3-674D3D3E4DF4}.Release|x86.ActiveCfg = Release|Any CPU
		{C6993204-C116-4AC4-94D3-674D3D3E4DF4}.Release|x86.Build.0 = Release|Any CPU
		{BA0D05D7-DE09-47D3-8135-A8F0A2033327}.Debug|Any CPU.ActiveCfg = Debug|Any CPU
		{BA0D05D7-DE09-47D3-8135-A8F0A2033327}.Debug|Any CPU.Build.0 = Debug|Any CPU
		{BA0D05D7-DE09-47D3-8135-A8F0A2033327}.Debug|x64.ActiveCfg = Debug|Any CPU
		{BA0D05D7-DE09-47D3-8135-A8F0A2033327}.Debug|x64.Build.0 = Debug|Any CPU
		{BA0D05D7-DE09-47D3-8135-A8F0A2033327}.Debug|x86.ActiveCfg = Debug|Any CPU
		{BA0D05D7-DE09-47D3-8135-A8F0A2033327}.Debug|x86.Build.0 = Debug|Any CPU
		{BA0D05D7-DE09-47D3-8135-A8F0A2033327}.Release|Any CPU.ActiveCfg = Release|Any CPU
		{BA0D05D7-DE09-47D3-8135-A8F0A2033327}.Release|Any CPU.Build.0 = Release|Any CPU
		{BA0D05D7-DE09-47D3-8135-A8F0A2033327}.Release|x64.ActiveCfg = Release|Any CPU
		{BA0D05D7-DE09-47D3-8135-A8F0A2033327}.Release|x64.Build.0 = Release|Any CPU
		{BA0D05D7-DE09-47D3-8135-A8F0A2033327}.Release|x86.ActiveCfg = Release|Any CPU
		{BA0D05D7-DE09-47D3-8135-A8F0A2033327}.Release|x86.Build.0 = Release|Any CPU
		{1B34F51E-30DB-4B0F-B58E-231E7AEA908B}.Debug|Any CPU.ActiveCfg = Debug|Any CPU
		{1B34F51E-30DB-4B0F-B58E-231E7AEA908B}.Debug|Any CPU.Build.0 = Debug|Any CPU
		{1B34F51E-30DB-4B0F-B58E-231E7AEA908B}.Debug|x64.ActiveCfg = Debug|Any CPU
		{1B34F51E-30DB-4B0F-B58E-231E7AEA908B}.Debug|x64.Build.0 = Debug|Any CPU
		{1B34F51E-30DB-4B0F-B58E-231E7AEA908B}.Debug|x86.ActiveCfg = Debug|Any CPU
		{1B34F51E-30DB-4B0F-B58E-231E7AEA908B}.Debug|x86.Build.0 = Debug|Any CPU
		{1B34F51E-30DB-4B0F-B58E-231E7AEA908B}.Release|Any CPU.ActiveCfg = Release|Any CPU
		{1B34F51E-30DB-4B0F-B58E-231E7AEA908B}.Release|Any CPU.Build.0 = Release|Any CPU
		{1B34F51E-30DB-4B0F-B58E-231E7AEA908B}.Release|x64.ActiveCfg = Release|Any CPU
		{1B34F51E-30DB-4B0F-B58E-231E7AEA908B}.Release|x64.Build.0 = Release|Any CPU
		{1B34F51E-30DB-4B0F-B58E-231E7AEA908B}.Release|x86.ActiveCfg = Release|Any CPU
		{1B34F51E-30DB-4B0F-B58E-231E7AEA908B}.Release|x86.Build.0 = Release|Any CPU
	EndGlobalSection
	GlobalSection(NestedProjects) = preSolution
		{0D1328B1-FFCC-461A-A246-BF258078B35C} = {FD5FFD0D-3722-4740-9218-8C7271B31FE1}
		{C6993204-C116-4AC4-94D3-674D3D3E4DF4} = {FD5FFD0D-3722-4740-9218-8C7271B31FE1}
		{BA0D05D7-DE09-47D3-8135-A8F0A2033327} = {FD5FFD0D-3722-4740-9218-8C7271B31FE1}
		{1B34F51E-30DB-4B0F-B58E-231E7AEA908B} = {FD5FFD0D-3722-4740-9218-8C7271B31FE1}
	EndGlobalSection
EndGlobal
