Microsoft Visual Studio Solution File, Format Version 12.00
# Visual Studio 15
VisualStudioVersion = 15.0.26124.0
MinimumVisualStudioVersion = 15.0.26124.0
Project("{2150E333-8FDC-42A3-9474-1A3956D46DE8}") = "src", "src", "{ED975C80-9E02-462E-B295-9E63C746883D}"
EndProject
Project("{FAE04EC0-301F-11D3-BF4B-00C04F79EFBC}") = "ZPProductManagement.Application", "src\ZPProductManagement.Application\ZPProductManagement.Application.csproj", "{AC5776CA-CFEA-48DD-A65F-6227E6F2CBC6}"
EndProject
Project("{FAE04EC0-301F-11D3-BF4B-00C04F79EFBC}") = "ZPProductManagement.Domain", "src\ZPProductManagement.Domain\ZPProductManagement.Domain.csproj", "{3BA1B199-28AD-49CF-827F-1265962B5436}"
EndProject
Project("{FAE04EC0-301F-11D3-BF4B-00C04F79EFBC}") = "ZPProductManagement.Common", "src\ZPProductManagement.Common\ZPProductManagement.Common.csproj", "{6652055E-1A5F-47C5-AC64-B62E2CFFC466}"
EndProject
Project("{FAE04EC0-301F-11D3-BF4B-00C04F79EFBC}") = "ZPProductManagement.Web", "src\ZPProductManagement.Web\ZPProductManagement.Web.csproj", "{3F0ABCD5-BBD2-4297-A273-2FA023D22DD8}"
EndProject
Global
	GlobalSection(SolutionProperties) = preSolution
		HideSolutionNode = FALSE
	EndGlobalSection
	GlobalSection(SolutionConfigurationPlatforms) = preSolution
		Debug|Any CPU = Debug|Any CPU
		Debug|x64 = Debug|x64
		Debug|x86 = Debug|x86
		Release|Any CPU = Release|Any CPU
		Release|x64 = Release|x64
		Release|x86 = Release|x86
	EndGlobalSection
	GlobalSection(ProjectConfigurationPlatforms) = postSolution
		{AC5776CA-CFEA-48DD-A65F-6227E6F2CBC6}.Debug|Any CPU.ActiveCfg = Debug|Any CPU
		{AC5776CA-CFEA-48DD-A65F-6227E6F2CBC6}.Debug|Any CPU.Build.0 = Debug|Any CPU
		{AC5776CA-CFEA-48DD-A65F-6227E6F2CBC6}.Debug|x64.ActiveCfg = Debug|Any CPU
		{AC5776CA-CFEA-48DD-A65F-6227E6F2CBC6}.Debug|x64.Build.0 = Debug|Any CPU
		{AC5776CA-CFEA-48DD-A65F-6227E6F2CBC6}.Debug|x86.ActiveCfg = Debug|Any CPU
		{AC5776CA-CFEA-48DD-A65F-6227E6F2CBC6}.Debug|x86.Build.0 = Debug|Any CPU
		{AC5776CA-CFEA-48DD-A65F-6227E6F2CBC6}.Release|Any CPU.ActiveCfg = Release|Any CPU
		{AC5776CA-CFEA-48DD-A65F-6227E6F2CBC6}.Release|Any CPU.Build.0 = Release|Any CPU
		{AC5776CA-CFEA-48DD-A65F-6227E6F2CBC6}.Release|x64.ActiveCfg = Release|Any CPU
		{AC5776CA-CFEA-48DD-A65F-6227E6F2CBC6}.Release|x64.Build.0 = Release|Any CPU
		{AC5776CA-CFEA-48DD-A65F-6227E6F2CBC6}.Release|x86.ActiveCfg = Release|Any CPU
		{AC5776CA-CFEA-48DD-A65F-6227E6F2CBC6}.Release|x86.Build.0 = Release|Any CPU
		{3BA1B199-28AD-49CF-827F-1265962B5436}.Debug|Any CPU.ActiveCfg = Debug|Any CPU
		{3BA1B199-28AD-49CF-827F-1265962B5436}.Debug|Any CPU.Build.0 = Debug|Any CPU
		{3BA1B199-28AD-49CF-827F-1265962B5436}.Debug|x64.ActiveCfg = Debug|Any CPU
		{3BA1B199-28AD-49CF-827F-1265962B5436}.Debug|x64.Build.0 = Debug|Any CPU
		{3BA1B199-28AD-49CF-827F-1265962B5436}.Debug|x86.ActiveCfg = Debug|Any CPU
		{3BA1B199-28AD-49CF-827F-1265962B5436}.Debug|x86.Build.0 = Debug|Any CPU
		{3BA1B199-28AD-49CF-827F-1265962B5436}.Release|Any CPU.ActiveCfg = Release|Any CPU
		{3BA1B199-28AD-49CF-827F-1265962B5436}.Release|Any CPU.Build.0 = Release|Any CPU
		{3BA1B199-28AD-49CF-827F-1265962B5436}.Release|x64.ActiveCfg = Release|Any CPU
		{3BA1B199-28AD-49CF-827F-1265962B5436}.Release|x64.Build.0 = Release|Any CPU
		{3BA1B199-28AD-49CF-827F-1265962B5436}.Release|x86.ActiveCfg = Release|Any CPU
		{3BA1B199-28AD-49CF-827F-1265962B5436}.Release|x86.Build.0 = Release|Any CPU
		{6652055E-1A5F-47C5-AC64-B62E2CFFC466}.Debug|Any CPU.ActiveCfg = Debug|Any CPU
		{6652055E-1A5F-47C5-AC64-B62E2CFFC466}.Debug|Any CPU.Build.0 = Debug|Any CPU
		{6652055E-1A5F-47C5-AC64-B62E2CFFC466}.Debug|x64.ActiveCfg = Debug|Any CPU
		{6652055E-1A5F-47C5-AC64-B62E2CFFC466}.Debug|x64.Build.0 = Debug|Any CPU
		{6652055E-1A5F-47C5-AC64-B62E2CFFC466}.Debug|x86.ActiveCfg = Debug|Any CPU
		{6652055E-1A5F-47C5-AC64-B62E2CFFC466}.Debug|x86.Build.0 = Debug|Any CPU
		{6652055E-1A5F-47C5-AC64-B62E2CFFC466}.Release|Any CPU.ActiveCfg = Release|Any CPU
		{6652055E-1A5F-47C5-AC64-B62E2CFFC466}.Release|Any CPU.Build.0 = Release|Any CPU
		{6652055E-1A5F-47C5-AC64-B62E2CFFC466}.Release|x64.ActiveCfg = Release|Any CPU
		{6652055E-1A5F-47C5-AC64-B62E2CFFC466}.Release|x64.Build.0 = Release|Any CPU
		{6652055E-1A5F-47C5-AC64-B62E2CFFC466}.Release|x86.ActiveCfg = Release|Any CPU
		{6652055E-1A5F-47C5-AC64-B62E2CFFC466}.Release|x86.Build.0 = Release|Any CPU
		{3F0ABCD5-BBD2-4297-A273-2FA023D22DD8}.Debug|Any CPU.ActiveCfg = Debug|Any CPU
		{3F0ABCD5-BBD2-4297-A273-2FA023D22DD8}.Debug|Any CPU.Build.0 = Debug|Any CPU
		{3F0ABCD5-BBD2-4297-A273-2FA023D22DD8}.Debug|x64.ActiveCfg = Debug|Any CPU
		{3F0ABCD5-BBD2-4297-A273-2FA023D22DD8}.Debug|x64.Build.0 = Debug|Any CPU
		{3F0ABCD5-BBD2-4297-A273-2FA023D22DD8}.Debug|x86.ActiveCfg = Debug|Any CPU
		{3F0ABCD5-BBD2-4297-A273-2FA023D22DD8}.Debug|x86.Build.0 = Debug|Any CPU
		{3F0ABCD5-BBD2-4297-A273-2FA023D22DD8}.Release|Any CPU.ActiveCfg = Release|Any CPU
		{3F0ABCD5-BBD2-4297-A273-2FA023D22DD8}.Release|Any CPU.Build.0 = Release|Any CPU
		{3F0ABCD5-BBD2-4297-A273-2FA023D22DD8}.Release|x64.ActiveCfg = Release|Any CPU
		{3F0ABCD5-BBD2-4297-A273-2FA023D22DD8}.Release|x64.Build.0 = Release|Any CPU
		{3F0ABCD5-BBD2-4297-A273-2FA023D22DD8}.Release|x86.ActiveCfg = Release|Any CPU
		{3F0ABCD5-BBD2-4297-A273-2FA023D22DD8}.Release|x86.Build.0 = Release|Any CPU
	EndGlobalSection
	GlobalSection(NestedProjects) = preSolution
		{AC5776CA-CFEA-48DD-A65F-6227E6F2CBC6} = {ED975C80-9E02-462E-B295-9E63C746883D}
		{3BA1B199-28AD-49CF-827F-1265962B5436} = {ED975C80-9E02-462E-B295-9E63C746883D}
		{6652055E-1A5F-47C5-AC64-B62E2CFFC466} = {ED975C80-9E02-462E-B295-9E63C746883D}
		{3F0ABCD5-BBD2-4297-A273-2FA023D22DD8} = {ED975C80-9E02-462E-B295-9E63C746883D}
	EndGlobalSection
EndGlobal
